{
  "version": 4,
  "terraform_version": "1.14.8",
  "serial": 72,
  "lineage": "d8c01426-da96-db5e-bcf3-718a1ab85a53",
  "outputs": {
    "backend_url": {
      "value": "https://eventhub-backend.azurewebsites.net",
      "type": "string"
    },
    "frontend_url": {
      "value": null,
      "type": "string"
    },
    "resource_group_name": {
      "value": "eventhub-rg",
      "type": "string"
    }
  },
  "resources": [
    {
      "mode": "managed",
      "type": "azurerm_resource_group",
      "name": "rg",
      "provider": "provider[\"registry.terraform.io/hashicorp/azurerm\"]",
      "instances": [
        {
          "schema_version": 0,
          "attributes": {
            "id": "/subscriptions/06705eae-76c6-489f-b1f3-64e70ff380a1/resourceGroups/eventhub-rg",
            "location": "francecentral",
            "managed_by": "",
            "name": "eventhub-rg",
            "tags": {},
            "timeouts": null
          },
          "sensitive_attributes": [],
          "identity_schema_version": 0,
          "private": "eyJlMmJmYjczMC1lY2FhLTExZTYtOGY4OC0zNDM2M2JjN2M0YzAiOnsiY3JlYXRlIjo1NDAwMDAwMDAwMDAwLCJkZWxldGUiOjU0MDAwMDAwMDAwMDAsInJlYWQiOjMwMDAwMDAwMDAwMCwidXBkYXRlIjo1NDAwMDAwMDAwMDAwfX0="
        }
      ]
    }
  ],
  "check_results": null
}
