{
  "version": 4,
  "terraform_version": "1.14.8",
  "serial": 69,
  "lineage": "d8c01426-da96-db5e-bcf3-718a1ab85a53",
  "outputs": {
    "backend_url": {
      "value": "https://eventhub-backend.azurewebsites.net",
      "type": "string"
    },
    "frontend_url": {
      "value": null,
      "type": "string"
    },
    "resource_group_name": {
      "value": "eventhub-rg",
      "type": "string"
    }
  },
  "resources": [
    {
      "mode": "managed",
      "type": "azurerm_linux_web_app",
      "name": "backend",
      "provider": "provider[\"registry.terraform.io/hashicorp/azurerm\"]",
      "instances": [
        {
          "schema_version": 1,
          "attributes": {
            "app_settings": {
              "JWT_SECRET": "mySecretKeyForJWTGenerationShouldBeLongEnough12345",
              "SPRING_DATA_MONGODB_URI": "mongodb+srv://eventhubuser:dU6wCDA2gHQjhvD@angular-workshop-cluste.d1dldux.mongodb.net.mongodb.net/eventHub?retryWrites=true\u0026w=majority",
              "SPRING_PROFILES_ACTIVE": "prod"
            },
            "auth_settings": [],
            "auth_settings_v2": [],
            "backup": [],
            "client_affinity_enabled": false,
            "client_certificate_enabled": false,
            "client_certificate_exclusion_paths": "",
            "client_certificate_mode": "Required",
            "connection_string": [],
            "custom_domain_verification_id": "015DC7DBB8EB0E80758CB9625DD2D0B4EC4FF84EC309B7C791803AA6CD91673B",
            "default_hostname": "eventhub-backend.azurewebsites.net",
            "enabled": true,
            "ftp_publish_basic_authentication_enabled": true,
            "hosting_environment_id": "",
            "https_only": false,
            "id": "/subscriptions/06705eae-76c6-489f-b1f3-64e70ff380a1/resourceGroups/eventhub-rg/providers/Microsoft.Web/sites/eventhub-backend",
            "identity": [],
            "key_vault_reference_identity_id": "SystemAssigned",
            "kind": "app,linux",
            "location": "francecentral",
            "logs": [],
            "name": "eventhub-backend",
            "outbound_ip_address_list": [
              "20.74.0.129",
              "20.74.1.126",
              "20.74.1.192",
              "20.74.2.73",
              "20.74.2.131",
              "20.74.2.158",
              "20.43.43.35"
            ],
            "outbound_ip_addresses": "20.74.0.129,20.74.1.126,20.74.1.192,20.74.2.73,20.74.2.131,20.74.2.158,20.43.43.35",
            "possible_outbound_ip_address_list": [
              "20.74.0.129",
              "20.74.1.126",
              "20.74.1.192",
              "20.74.2.73",
              "20.74.2.131",
              "20.74.2.158",
              "20.74.2.167",
              "20.74.2.192",
              "20.74.4.29",
              "20.74.4.82",
              "20.74.4.109",
              "20.74.4.120",
              "20.74.4.176",
              "20.74.4.235",
              "20.74.5.23",
              "20.74.5.74",
              "20.74.5.82",
              "20.74.5.100",
              "51.138.220.142",
              "51.138.218.191",
              "51.138.220.233",
              "51.138.218.198",
              "51.138.221.34",
              "51.138.220.63",
              "20.43.43.35"
            ],
            "possible_outbound_ip_addresses": "20.74.0.129,20.74.1.126,20.74.1.192,20.74.2.73,20.74.2.131,20.74.2.158,20.74.2.167,20.74.2.192,20.74.4.29,20.74.4.82,20.74.4.109,20.74.4.120,20.74.4.176,20.74.4.235,20.74.5.23,20.74.5.74,20.74.5.82,20.74.5.100,51.138.220.142,51.138.218.191,51.138.220.233,51.138.218.198,51.138.221.34,51.138.220.63,20.43.43.35",
            "public_network_access_enabled": true,
            "resource_group_name": "eventhub-rg",
            "service_plan_id": "/subscriptions/06705eae-76c6-489f-b1f3-64e70ff380a1/resourceGroups/eventhub-rg/providers/Microsoft.Web/serverFarms/eventhub-plan",
            "site_config": [
              {
                "always_on": true,
                "api_definition_url": "",
                "api_management_api_id": "",
                "app_command_line": "",
                "application_stack": [
                  {
                    "docker_image": "",
                    "docker_image_name": "",
                    "docker_image_tag": "",
                    "docker_registry_password": "",
                    "docker_registry_url": "",
                    "docker_registry_username": "",
                    "dotnet_version": "",
                    "go_version": "",
                    "java_server": "JAVA",
                    "java_server_version": "17",
                    "java_version": "17",
                    "node_version": "",
                    "php_version": "",
                    "python_version": "",
                    "ruby_version": ""
                  }
                ],
                "auto_heal_enabled": false,
                "auto_heal_setting": [],
                "container_registry_managed_identity_client_id": "",
                "container_registry_use_managed_identity": false,
                "cors": [],
                "default_documents": [
                  "Default.htm",
                  "Default.html",
                  "Default.asp",
                  "index.htm",
                  "index.html",
                  "iisstart.htm",
                  "default.aspx",
                  "index.php",
                  "hostingstart.html"
                ],
                "detailed_error_logging_enabled": false,
                "ftps_state": "Disabled",
                "health_check_eviction_time_in_min": 0,
                "health_check_path": "",
                "http2_enabled": false,
                "ip_restriction": [],
                "ip_restriction_default_action": "Allow",
                "linux_fx_version": "JAVA|17-java17",
                "load_balancing_mode": "LeastRequests",
                "local_mysql_enabled": false,
                "managed_pipeline_mode": "Integrated",
                "minimum_tls_version": "1.2",
                "remote_debugging_enabled": false,
                "remote_debugging_version": "VS2022",
                "scm_ip_restriction": [],
                "scm_ip_restriction_default_action": "Allow",
                "scm_minimum_tls_version": "1.2",
                "scm_type": "None",
                "scm_use_main_ip_restriction": false,
                "use_32_bit_worker": true,
                "vnet_route_all_enabled": false,
                "websockets_enabled": false,
                "worker_count": 1
              }
            ],
            "site_credential": [
              {
                "name": "$eventhub-backend",
                "password": "fnwno3gmwAo2Ea6p3qy3eBesDwSbdLWYsP83iT3bZ4pqT6lW1uSnMlynu0jr"
              }
            ],
            "sticky_settings": [],
            "storage_account": [],
            "tags": {},
            "timeouts": null,
            "virtual_network_subnet_id": "",
            "webdeploy_publish_basic_authentication_enabled": true,
            "zip_deploy_file": ""
          },
          "sensitive_attributes": [
            [
              {
                "type": "get_attr",
                "value": "app_settings"
              },
              {
                "type": "index",
                "value": {
                  "value": "JWT_SECRET",
                  "type": "string"
                }
              }
            ],
            [
              {
                "type": "get_attr",
                "value": "app_settings"
              },
              {
                "type": "index",
                "value": {
                  "value": "SPRING_DATA_MONGODB_URI",
                  "type": "string"
                }
              }
            ],
            [
              {
                "type": "get_attr",
                "value": "custom_domain_verification_id"
              }
            ],
            [
              {
                "type": "get_attr",
                "value": "site_config"
              },
              {
                "type": "index",
                "value": {
                  "value": 0,
                  "type": "number"
                }
              },
              {
                "type": "get_attr",
                "value": "application_stack"
              },
              {
                "type": "index",
                "value": {
                  "value": 0,
                  "type": "number"
                }
              },
              {
                "type": "get_attr",
                "value": "docker_registry_password"
              }
            ],
            [
              {
                "type": "get_attr",
                "value": "site_credential"
              }
            ]
          ],
          "identity_schema_version": 0,
          "private": "eyJlMmJmYjczMC1lY2FhLTExZTYtOGY4OC0zNDM2M2JjN2M0YzAiOnsiY3JlYXRlIjoxODAwMDAwMDAwMDAwLCJkZWxldGUiOjE4MDAwMDAwMDAwMDAsInJlYWQiOjMwMDAwMDAwMDAwMCwidXBkYXRlIjoxODAwMDAwMDAwMDAwfSwic2NoZW1hX3ZlcnNpb24iOiIxIn0=",
          "dependencies": [
            "azurerm_resource_group.rg",
            "azurerm_service_plan.app_plan"
          ]
        }
      ]
    },
    {
      "mode": "managed",
      "type": "azurerm_resource_group",
      "name": "rg",
      "provider": "provider[\"registry.terraform.io/hashicorp/azurerm\"]",
      "instances": [
        {
          "schema_version": 0,
          "attributes": {
            "id": "/subscriptions/06705eae-76c6-489f-b1f3-64e70ff380a1/resourceGroups/eventhub-rg",
            "location": "francecentral",
            "managed_by": "",
            "name": "eventhub-rg",
            "tags": {},
            "timeouts": null
          },
          "sensitive_attributes": [],
          "identity_schema_version": 0,
          "private": "eyJlMmJmYjczMC1lY2FhLTExZTYtOGY4OC0zNDM2M2JjN2M0YzAiOnsiY3JlYXRlIjo1NDAwMDAwMDAwMDAwLCJkZWxldGUiOjU0MDAwMDAwMDAwMDAsInJlYWQiOjMwMDAwMDAwMDAwMCwidXBkYXRlIjo1NDAwMDAwMDAwMDAwfX0="
        }
      ]
    },
    {
      "mode": "managed",
      "type": "azurerm_service_plan",
      "name": "app_plan",
      "provider": "provider[\"registry.terraform.io/hashicorp/azurerm\"]",
      "instances": [
        {
          "schema_version": 1,
          "attributes": {
            "app_service_environment_id": "",
            "id": "/subscriptions/06705eae-76c6-489f-b1f3-64e70ff380a1/resourceGroups/eventhub-rg/providers/Microsoft.Web/serverFarms/eventhub-plan",
            "kind": "linux",
            "location": "francecentral",
            "maximum_elastic_worker_count": 1,
            "name": "eventhub-plan",
            "os_type": "Linux",
            "per_site_scaling_enabled": false,
            "reserved": true,
            "resource_group_name": "eventhub-rg",
            "sku_name": "B1",
            "tags": {},
            "timeouts": null,
            "worker_count": 1,
            "zone_balancing_enabled": false
          },
          "sensitive_attributes": [],
          "identity_schema_version": 0,
          "private": "eyJlMmJmYjczMC1lY2FhLTExZTYtOGY4OC0zNDM2M2JjN2M0YzAiOnsiY3JlYXRlIjozNjAwMDAwMDAwMDAwLCJkZWxldGUiOjM2MDAwMDAwMDAwMDAsInJlYWQiOjMwMDAwMDAwMDAwMCwidXBkYXRlIjozNjAwMDAwMDAwMDAwfSwic2NoZW1hX3ZlcnNpb24iOiIxIn0=",
          "dependencies": [
            "azurerm_resource_group.rg"
          ]
        }
      ]
    }
  ],
  "check_results": null
}
